
Microsoft Visual Studio Solution File, Format Version 12.00
# Visual Studio Version 17
VisualStudioVersion = 17.3.32922.545
MinimumVisualStudioVersion = 10.0.40219.1
Project("{9A19103F-16F7-4668-BE54-9A1E7A4F7556}") = "Lesson3", "Lesson3\Lesson3.csproj", "{25E5219B-C035-4A5C-9437-B6C0475D8CD9}"
EndProject
Project("{9A19103F-16F7-4668-BE54-9A1E7A4F7556}") = "Lesson2", "Lesson2\Lesson2.csproj", "{20EBDAB9-CB6E-4C57-9553-7E972E7B9E3D}"
EndProject
Project("{9A19103F-16F7-4668-BE54-9A1E7A4F7556}") = "Lesson1", "Lesson1\Lesson1.csproj", "{20B180B5-CE15-4CDF-81F4-0F9111386F93}"
EndProject
Project("{9A19103F-16F7-4668-BE54-9A1E7A4F7556}") = "Lesson4", "Lesson4\Lesson4.csproj", "{C41341D1-68D3-4F70-9D1D-CCB5E8D8D541}"
EndProject
Project("{9A19103F-16F7-4668-BE54-9A1E7A4F7556}") = "Lesson6", "Lesson6\Lesson6.csproj", "{572386E1-0190-4B6F-948D-C28F7FD6A7F6}"
EndProject
Project("{9A19103F-16F7-4668-BE54-9A1E7A4F7556}") = "Lesson7", "Lesson7\Lesson7.csproj", "{13FFDB20-2ED1-4E63-9414-20CDF87ACBDA}"
EndProject
Project("{FAE04EC0-301F-11D3-BF4B-00C04F79EFBC}") = "Lesson8", "Lesson8\Lesson8.csproj", "{E5DA91B0-1EDC-4D60-A26B-D156CF12380E}"
EndProject
Global
	GlobalSection(SolutionConfigurationPlatforms) = preSolution
		Debug|Any CPU = Debug|Any CPU
		Release|Any CPU = Release|Any CPU
	EndGlobalSection
	GlobalSection(ProjectConfigurationPlatforms) = postSolution
		{25E5219B-C035-4A5C-9437-B6C0475D8CD9}.Debug|Any CPU.ActiveCfg = Debug|Any CPU
		{25E5219B-C035-4A5C-9437-B6C0475D8CD9}.Debug|Any CPU.Build.0 = Debug|Any CPU
		{25E5219B-C035-4A5C-9437-B6C0475D8CD9}.Release|Any CPU.ActiveCfg = Release|Any CPU
		{25E5219B-C035-4A5C-9437-B6C0475D8CD9}.Release|Any CPU.Build.0 = Release|Any CPU
		{20EBDAB9-CB6E-4C57-9553-7E972E7B9E3D}.Debug|Any CPU.ActiveCfg = Debug|Any CPU
		{20EBDAB9-CB6E-4C57-9553-7E972E7B9E3D}.Debug|Any CPU.Build.0 = Debug|Any CPU
		{20EBDAB9-CB6E-4C57-9553-7E972E7B9E3D}.Release|Any CPU.ActiveCfg = Release|Any CPU
		{20EBDAB9-CB6E-4C57-9553-7E972E7B9E3D}.Release|Any CPU.Build.0 = Release|Any CPU
		{20B180B5-CE15-4CDF-81F4-0F9111386F93}.Debug|Any CPU.ActiveCfg = Debug|Any CPU
		{20B180B5-CE15-4CDF-81F4-0F9111386F93}.Debug|Any CPU.Build.0 = Debug|Any CPU
		{20B180B5-CE15-4CDF-81F4-0F9111386F93}.Release|Any CPU.ActiveCfg = Release|Any CPU
		{20B180B5-CE15-4CDF-81F4-0F9111386F93}.Release|Any CPU.Build.0 = Release|Any CPU
		{C41341D1-68D3-4F70-9D1D-CCB5E8D8D541}.Debug|Any CPU.ActiveCfg = Debug|Any CPU
		{C41341D1-68D3-4F70-9D1D-CCB5E8D8D541}.Debug|Any CPU.Build.0 = Debug|Any CPU
		{C41341D1-68D3-4F70-9D1D-CCB5E8D8D541}.Release|Any CPU.ActiveCfg = Release|Any CPU
		{C41341D1-68D3-4F70-9D1D-CCB5E8D8D541}.Release|Any CPU.Build.0 = Release|Any CPU
		{572386E1-0190-4B6F-948D-C28F7FD6A7F6}.Debug|Any CPU.ActiveCfg = Debug|Any CPU
		{572386E1-0190-4B6F-948D-C28F7FD6A7F6}.Debug|Any CPU.Build.0 = Debug|Any CPU
		{572386E1-0190-4B6F-948D-C28F7FD6A7F6}.Release|Any CPU.ActiveCfg = Release|Any CPU
		{572386E1-0190-4B6F-948D-C28F7FD6A7F6}.Release|Any CPU.Build.0 = Release|Any CPU
		{13FFDB20-2ED1-4E63-9414-20CDF87ACBDA}.Debug|Any CPU.ActiveCfg = Debug|Any CPU
		{13FFDB20-2ED1-4E63-9414-20CDF87ACBDA}.Debug|Any CPU.Build.0 = Debug|Any CPU
		{13FFDB20-2ED1-4E63-9414-20CDF87ACBDA}.Release|Any CPU.ActiveCfg = Release|Any CPU
		{13FFDB20-2ED1-4E63-9414-20CDF87ACBDA}.Release|Any CPU.Build.0 = Release|Any CPU
		{E5DA91B0-1EDC-4D60-A26B-D156CF12380E}.Debug|Any CPU.ActiveCfg = Debug|Any CPU
		{E5DA91B0-1EDC-4D60-A26B-D156CF12380E}.Debug|Any CPU.Build.0 = Debug|Any CPU
		{E5DA91B0-1EDC-4D60-A26B-D156CF12380E}.Release|Any CPU.ActiveCfg = Release|Any CPU
		{E5DA91B0-1EDC-4D60-A26B-D156CF12380E}.Release|Any CPU.Build.0 = Release|Any CPU
	EndGlobalSection
	GlobalSection(SolutionProperties) = preSolution
		HideSolutionNode = FALSE
	EndGlobalSection
	GlobalSection(ExtensibilityGlobals) = postSolution
		SolutionGuid = {362EA495-B3A9-4D4E-BAA1-F3F7BB714EBC}
	EndGlobalSection
EndGlobal
