
Microsoft Visual Studio Solution File, Format Version 12.00
# Visual Studio Version 17
VisualStudioVersion = 17.3.32922.545
MinimumVisualStudioVersion = 10.0.40219.1
Project("{9A19103F-16F7-4668-BE54-9A1E7A4F7556}") = "Lesson3", "Lesson3\Lesson3.csproj", "{25E5219B-C035-4A5C-9437-B6C0475D8CD9}"
EndProject
Project("{9A19103F-16F7-4668-BE54-9A1E7A4F7556}") = "Lesson2", "Lesson2\Lesson2.csproj", "{20EBDAB9-CB6E-4C57-9553-7E972E7B9E3D}"
EndProject
Project("{9A19103F-16F7-4668-BE54-9A1E7A4F7556}") = "Lesson1", "Lesson1\Lesson1.csproj", "{20B180B5-CE15-4CDF-81F4-0F9111386F93}"
EndProject
Project("{9A19103F-16F7-4668-BE54-9A1E7A4F7556}") = "Lesson4", "Lesson4\Lesson4.csproj", "{C41341D1-68D3-4F70-9D1D-CCB5E8D8D541}"
EndProject
Project("{9A19103F-16F7-4668-BE54-9A1E7A4F7556}") = "Lesson6", "Lesson6\Lesson6.csproj", "{572386E1-0190-4B6F-948D-C28F7FD6A7F6}"
EndProject
Project("{9A19103F-16F7-4668-BE54-9A1E7A4F7556}") = "Lesson7", "Lesson7\Lesson7.csproj", "{13FFDB20-2ED1-4E63-9414-20CDF87ACBDA}"
EndProject
Project("{9A19103F-16F7-4668-BE54-9A1E7A4F7556}") = "Lesson8", "Lesson8\Lesson8.csproj", "{E5DA91B0-1EDC-4D60-A26B-D156CF12380E}"
EndProject
Project("{9A19103F-16F7-4668-BE54-9A1E7A4F7556}") = "Lesson9", "Lesson9\Lesson9.csproj", "{6D94FD10-5209-42B2-91AC-D2A9B845D952}"
EndProject
Project("{9A19103F-16F7-4668-BE54-9A1E7A4F7556}") = "Lesson10", "Lesson10\Lesson10.csproj", "{F7F564B9-67AE-4E05-B8A4-A072D1877A05}"
EndProject
Project("{9A19103F-16F7-4668-BE54-9A1E7A4F7556}") = "Lesson11", "Lesson11\Lesson11.csproj", "{44CA3A88-9CDB-49DE-9965-B874F613FF56}"
EndProject
Project("{9A19103F-16F7-4668-BE54-9A1E7A4F7556}") = "Lesson11Lib", "Lesson11Lib\Lesson11Lib.csproj", "{829B0E47-9258-41E3-972A-76BEDA4477A4}"
EndProject
Project("{9A19103F-16F7-4668-BE54-9A1E7A4F7556}") = "Lesson12Console", "Lesson12Console\Lesson12Console.csproj", "{99170C27-1B66-437D-A23C-60E1D6D06FB3}"
EndProject
Project("{9A19103F-16F7-4668-BE54-9A1E7A4F7556}") = "Lesson12Gui", "Lesson12Gui\Lesson12Gui.csproj", "{E09BCA9F-6E21-496A-9FEC-CD90599EB57D}"
EndProject
Project("{9A19103F-16F7-4668-BE54-9A1E7A4F7556}") = "Lesson13", "Lesson13\Lesson13.csproj", "{F323976B-88DB-42B3-BFDE-A7739F4FF605}"
EndProject
Project("{9A19103F-16F7-4668-BE54-9A1E7A4F7556}") = "Lesson14", "Lesson14\Lesson14.csproj", "{3048B03F-7AFE-4ED0-A219-D459508D3B34}"
EndProject
Project("{9A19103F-16F7-4668-BE54-9A1E7A4F7556}") = "Lesson15", "Lesson15\Lesson15.csproj", "{EA9DED01-7A22-4F5B-8CB5-719F08969722}"
EndProject
Project("{9A19103F-16F7-4668-BE54-9A1E7A4F7556}") = "Lesson16", "Lesson16\Lesson16.csproj", "{807E336E-BC2C-4FC0-B0F9-D90A2F76CF37}"
EndProject
Project("{FAE04EC0-301F-11D3-BF4B-00C04F79EFBC}") = "Lesson17Test", "Lesson17Test\Lesson17Test.csproj", "{472BEAF3-7CDE-47A1-9E40-F6D900420E7F}"
EndProject
Global
	GlobalSection(SolutionConfigurationPlatforms) = preSolution
		Debug|Any CPU = Debug|Any CPU
		Release|Any CPU = Release|Any CPU
	EndGlobalSection
	GlobalSection(ProjectConfigurationPlatforms) = postSolution
		{25E5219B-C035-4A5C-9437-B6C0475D8CD9}.Debug|Any CPU.ActiveCfg = Debug|Any CPU
		{25E5219B-C035-4A5C-9437-B6C0475D8CD9}.Debug|Any CPU.Build.0 = Debug|Any CPU
		{25E5219B-C035-4A5C-9437-B6C0475D8CD9}.Release|Any CPU.ActiveCfg = Release|Any CPU
		{25E5219B-C035-4A5C-9437-B6C0475D8CD9}.Release|Any CPU.Build.0 = Release|Any CPU
		{20EBDAB9-CB6E-4C57-9553-7E972E7B9E3D}.Debug|Any CPU.ActiveCfg = Debug|Any CPU
		{20EBDAB9-CB6E-4C57-9553-7E972E7B9E3D}.Debug|Any CPU.Build.0 = Debug|Any CPU
		{20EBDAB9-CB6E-4C57-9553-7E972E7B9E3D}.Release|Any CPU.ActiveCfg = Release|Any CPU
		{20EBDAB9-CB6E-4C57-9553-7E972E7B9E3D}.Release|Any CPU.Build.0 = Release|Any CPU
		{20B180B5-CE15-4CDF-81F4-0F9111386F93}.Debug|Any CPU.ActiveCfg = Debug|Any CPU
		{20B180B5-CE15-4CDF-81F4-0F9111386F93}.Debug|Any CPU.Build.0 = Debug|Any CPU
		{20B180B5-CE15-4CDF-81F4-0F9111386F93}.Release|Any CPU.ActiveCfg = Release|Any CPU
		{20B180B5-CE15-4CDF-81F4-0F9111386F93}.Release|Any CPU.Build.0 = Release|Any CPU
		{C41341D1-68D3-4F70-9D1D-CCB5E8D8D541}.Debug|Any CPU.ActiveCfg = Debug|Any CPU
		{C41341D1-68D3-4F70-9D1D-CCB5E8D8D541}.Debug|Any CPU.Build.0 = Debug|Any CPU
		{C41341D1-68D3-4F70-9D1D-CCB5E8D8D541}.Release|Any CPU.ActiveCfg = Release|Any CPU
		{C41341D1-68D3-4F70-9D1D-CCB5E8D8D541}.Release|Any CPU.Build.0 = Release|Any CPU
		{572386E1-0190-4B6F-948D-C28F7FD6A7F6}.Debug|Any CPU.ActiveCfg = Debug|Any CPU
		{572386E1-0190-4B6F-948D-C28F7FD6A7F6}.Debug|Any CPU.Build.0 = Debug|Any CPU
		{572386E1-0190-4B6F-948D-C28F7FD6A7F6}.Release|Any CPU.ActiveCfg = Release|Any CPU
		{572386E1-0190-4B6F-948D-C28F7FD6A7F6}.Release|Any CPU.Build.0 = Release|Any CPU
		{13FFDB20-2ED1-4E63-9414-20CDF87ACBDA}.Debug|Any CPU.ActiveCfg = Debug|Any CPU
		{13FFDB20-2ED1-4E63-9414-20CDF87ACBDA}.Debug|Any CPU.Build.0 = Debug|Any CPU
		{13FFDB20-2ED1-4E63-9414-20CDF87ACBDA}.Release|Any CPU.ActiveCfg = Release|Any CPU
		{13FFDB20-2ED1-4E63-9414-20CDF87ACBDA}.Release|Any CPU.Build.0 = Release|Any CPU
		{E5DA91B0-1EDC-4D60-A26B-D156CF12380E}.Debug|Any CPU.ActiveCfg = Debug|Any CPU
		{E5DA91B0-1EDC-4D60-A26B-D156CF12380E}.Debug|Any CPU.Build.0 = Debug|Any CPU
		{E5DA91B0-1EDC-4D60-A26B-D156CF12380E}.Release|Any CPU.ActiveCfg = Release|Any CPU
		{E5DA91B0-1EDC-4D60-A26B-D156CF12380E}.Release|Any CPU.Build.0 = Release|Any CPU
		{6D94FD10-5209-42B2-91AC-D2A9B845D952}.Debug|Any CPU.ActiveCfg = Debug|Any CPU
		{6D94FD10-5209-42B2-91AC-D2A9B845D952}.Debug|Any CPU.Build.0 = Debug|Any CPU
		{6D94FD10-5209-42B2-91AC-D2A9B845D952}.Release|Any CPU.ActiveCfg = Release|Any CPU
		{6D94FD10-5209-42B2-91AC-D2A9B845D952}.Release|Any CPU.Build.0 = Release|Any CPU
		{F7F564B9-67AE-4E05-B8A4-A072D1877A05}.Debug|Any CPU.ActiveCfg = Debug|Any CPU
		{F7F564B9-67AE-4E05-B8A4-A072D1877A05}.Debug|Any CPU.Build.0 = Debug|Any CPU
		{F7F564B9-67AE-4E05-B8A4-A072D1877A05}.Release|Any CPU.ActiveCfg = Release|Any CPU
		{F7F564B9-67AE-4E05-B8A4-A072D1877A05}.Release|Any CPU.Build.0 = Release|Any CPU
		{44CA3A88-9CDB-49DE-9965-B874F613FF56}.Debug|Any CPU.ActiveCfg = Debug|Any CPU
		{44CA3A88-9CDB-49DE-9965-B874F613FF56}.Debug|Any CPU.Build.0 = Debug|Any CPU
		{44CA3A88-9CDB-49DE-9965-B874F613FF56}.Release|Any CPU.ActiveCfg = Release|Any CPU
		{44CA3A88-9CDB-49DE-9965-B874F613FF56}.Release|Any CPU.Build.0 = Release|Any CPU
		{829B0E47-9258-41E3-972A-76BEDA4477A4}.Debug|Any CPU.ActiveCfg = Debug|Any CPU
		{829B0E47-9258-41E3-972A-76BEDA4477A4}.Debug|Any CPU.Build.0 = Debug|Any CPU
		{829B0E47-9258-41E3-972A-76BEDA4477A4}.Release|Any CPU.ActiveCfg = Release|Any CPU
		{829B0E47-9258-41E3-972A-76BEDA4477A4}.Release|Any CPU.Build.0 = Release|Any CPU
		{99170C27-1B66-437D-A23C-60E1D6D06FB3}.Debug|Any CPU.ActiveCfg = Debug|Any CPU
		{99170C27-1B66-437D-A23C-60E1D6D06FB3}.Debug|Any CPU.Build.0 = Debug|Any CPU
		{99170C27-1B66-437D-A23C-60E1D6D06FB3}.Release|Any CPU.ActiveCfg = Release|Any CPU
		{99170C27-1B66-437D-A23C-60E1D6D06FB3}.Release|Any CPU.Build.0 = Release|Any CPU
		{E09BCA9F-6E21-496A-9FEC-CD90599EB57D}.Debug|Any CPU.ActiveCfg = Debug|Any CPU
		{E09BCA9F-6E21-496A-9FEC-CD90599EB57D}.Debug|Any CPU.Build.0 = Debug|Any CPU
		{E09BCA9F-6E21-496A-9FEC-CD90599EB57D}.Release|Any CPU.ActiveCfg = Release|Any CPU
		{E09BCA9F-6E21-496A-9FEC-CD90599EB57D}.Release|Any CPU.Build.0 = Release|Any CPU
		{F323976B-88DB-42B3-BFDE-A7739F4FF605}.Debug|Any CPU.ActiveCfg = Debug|Any CPU
		{F323976B-88DB-42B3-BFDE-A7739F4FF605}.Debug|Any CPU.Build.0 = Debug|Any CPU
		{F323976B-88DB-42B3-BFDE-A7739F4FF605}.Release|Any CPU.ActiveCfg = Release|Any CPU
		{F323976B-88DB-42B3-BFDE-A7739F4FF605}.Release|Any CPU.Build.0 = Release|Any CPU
		{3048B03F-7AFE-4ED0-A219-D459508D3B34}.Debug|Any CPU.ActiveCfg = Debug|Any CPU
		{3048B03F-7AFE-4ED0-A219-D459508D3B34}.Debug|Any CPU.Build.0 = Debug|Any CPU
		{3048B03F-7AFE-4ED0-A219-D459508D3B34}.Release|Any CPU.ActiveCfg = Release|Any CPU
		{3048B03F-7AFE-4ED0-A219-D459508D3B34}.Release|Any CPU.Build.0 = Release|Any CPU
		{EA9DED01-7A22-4F5B-8CB5-719F08969722}.Debug|Any CPU.ActiveCfg = Debug|Any CPU
		{EA9DED01-7A22-4F5B-8CB5-719F08969722}.Debug|Any CPU.Build.0 = Debug|Any CPU
		{EA9DED01-7A22-4F5B-8CB5-719F08969722}.Release|Any CPU.ActiveCfg = Release|Any CPU
		{EA9DED01-7A22-4F5B-8CB5-719F08969722}.Release|Any CPU.Build.0 = Release|Any CPU
		{807E336E-BC2C-4FC0-B0F9-D90A2F76CF37}.Debug|Any CPU.ActiveCfg = Debug|Any CPU
		{807E336E-BC2C-4FC0-B0F9-D90A2F76CF37}.Debug|Any CPU.Build.0 = Debug|Any CPU
		{807E336E-BC2C-4FC0-B0F9-D90A2F76CF37}.Release|Any CPU.ActiveCfg = Release|Any CPU
		{807E336E-BC2C-4FC0-B0F9-D90A2F76CF37}.Release|Any CPU.Build.0 = Release|Any CPU
		{472BEAF3-7CDE-47A1-9E40-F6D900420E7F}.Debug|Any CPU.ActiveCfg = Debug|Any CPU
		{472BEAF3-7CDE-47A1-9E40-F6D900420E7F}.Debug|Any CPU.Build.0 = Debug|Any CPU
		{472BEAF3-7CDE-47A1-9E40-F6D900420E7F}.Release|Any CPU.ActiveCfg = Release|Any CPU
		{472BEAF3-7CDE-47A1-9E40-F6D900420E7F}.Release|Any CPU.Build.0 = Release|Any CPU
	EndGlobalSection
	GlobalSection(SolutionProperties) = preSolution
		HideSolutionNode = FALSE
	EndGlobalSection
	GlobalSection(ExtensibilityGlobals) = postSolution
		SolutionGuid = {362EA495-B3A9-4D4E-BAA1-F3F7BB714EBC}
	EndGlobalSection
EndGlobal
